// !$*UTF8*$!
{
	archiveVersion = 1;
	classes = {
	};
	objectVersion = 50;
	objects = {

/* Begin PBXBuildFile section */
		7593D67D24E3FF4C008ECB1A /* AppDelegate.swift in Sources */ = {isa = PBXBuildFile; fileRef = 7593D67C24E3FF4C008ECB1A /* AppDelegate.swift */; };
		7593D67F24E3FF4C008ECB1A /* SceneDelegate.swift in Sources */ = {isa = PBXBuildFile; fileRef = 7593D67E24E3FF4C008ECB1A /* SceneDelegate.swift */; };
		7593D68124E3FF4C008ECB1A /* AuthViewController.swift in Sources */ = {isa = PBXBuildFile; fileRef = 7593D68024E3FF4C008ECB1A /* AuthViewController.swift */; };
		7593D68624E3FF4D008ECB1A /* Assets.xcassets in Resources */ = {isa = PBXBuildFile; fileRef = 7593D68524E3FF4D008ECB1A /* Assets.xcassets */; };
		7593D68924E3FF4D008ECB1A /* LaunchScreen.storyboard in Resources */ = {isa = PBXBuildFile; fileRef = 7593D68724E3FF4D008ECB1A /* LaunchScreen.storyboard */; };
		7593D69324E40323008ECB1A /* VKSdkFramework.framework in Frameworks */ = {isa = PBXBuildFile; fileRef = 7593D69224E40323008ECB1A /* VKSdkFramework.framework */; };
		7593D69424E40323008ECB1A /* VKSdkFramework.framework in Embed Frameworks */ = {isa = PBXBuildFile; fileRef = 7593D69224E40323008ECB1A /* VKSdkFramework.framework */; settings = {ATTRIBUTES = (CodeSignOnCopy, RemoveHeadersOnCopy, ); }; };
		7593D69724E4052E008ECB1A /* AuthService.swift in Sources */ = {isa = PBXBuildFile; fileRef = 7593D69624E4052E008ECB1A /* AuthService.swift */; };
		7593D69A24E40828008ECB1A /* AuthViewController.storyboard in Resources */ = {isa = PBXBuildFile; fileRef = 7593D69924E40828008ECB1A /* AuthViewController.storyboard */; };
		7593D69C24E41311008ECB1A /* FeedViewController.swift in Sources */ = {isa = PBXBuildFile; fileRef = 7593D69B24E41311008ECB1A /* FeedViewController.swift */; };
		7593D69E24E41338008ECB1A /* FeedViewController.storyboard in Resources */ = {isa = PBXBuildFile; fileRef = 7593D69D24E41338008ECB1A /* FeedViewController.storyboard */; };
/* End PBXBuildFile section */

/* Begin PBXCopyFilesBuildPhase section */
		7593D69524E40323008ECB1A /* Embed Frameworks */ = {
			isa = PBXCopyFilesBuildPhase;
			buildActionMask = 2147483647;
			dstPath = "";
			dstSubfolderSpec = 10;
			files = (
				7593D69424E40323008ECB1A /* VKSdkFramework.framework in Embed Frameworks */,
			);
			name = "Embed Frameworks";
			runOnlyForDeploymentPostprocessing = 0;
		};
/* End PBXCopyFilesBuildPhase section */

/* Begin PBXFileReference section */
		7593D67924E3FF4C008ECB1A /* IMMApp.app */ = {isa = PBXFileReference; explicitFileType = wrapper.application; includeInIndex = 0; path = IMMApp.app; sourceTree = BUILT_PRODUCTS_DIR; };
		7593D67C24E3FF4C008ECB1A /* AppDelegate.swift */ = {isa = PBXFileReference; lastKnownFileType = sourcecode.swift; path = AppDelegate.swift; sourceTree = "<group>"; };
		7593D67E24E3FF4C008ECB1A /* SceneDelegate.swift */ = {isa = PBXFileReference; lastKnownFileType = sourcecode.swift; path = SceneDelegate.swift; sourceTree = "<group>"; };
		7593D68024E3FF4C008ECB1A /* AuthViewController.swift */ = {isa = PBXFileReference; lastKnownFileType = sourcecode.swift; path = AuthViewController.swift; sourceTree = "<group>"; };
		7593D68524E3FF4D008ECB1A /* Assets.xcassets */ = {isa = PBXFileReference; lastKnownFileType = folder.assetcatalog; path = Assets.xcassets; sourceTree = "<group>"; };
		7593D68824E3FF4D008ECB1A /* Base */ = {isa = PBXFileReference; lastKnownFileType = file.storyboard; name = Base; path = Base.lproj/LaunchScreen.storyboard; sourceTree = "<group>"; };
		7593D68A24E3FF4D008ECB1A /* Info.plist */ = {isa = PBXFileReference; lastKnownFileType = text.plist.xml; path = Info.plist; sourceTree = "<group>"; };
		7593D69224E40323008ECB1A /* VKSdkFramework.framework */ = {isa = PBXFileReference; lastKnownFileType = wrapper.framework; name = VKSdkFramework.framework; path = Carthage/Build/iOS/VKSdkFramework.framework; sourceTree = "<group>"; };
		7593D69624E4052E008ECB1A /* AuthService.swift */ = {isa = PBXFileReference; lastKnownFileType = sourcecode.swift; path = AuthService.swift; sourceTree = "<group>"; };
		7593D69924E40828008ECB1A /* AuthViewController.storyboard */ = {isa = PBXFileReference; lastKnownFileType = file.storyboard; path = AuthViewController.storyboard; sourceTree = "<group>"; };
		7593D69B24E41311008ECB1A /* FeedViewController.swift */ = {isa = PBXFileReference; lastKnownFileType = sourcecode.swift; path = FeedViewController.swift; sourceTree = "<group>"; };
		7593D69D24E41338008ECB1A /* FeedViewController.storyboard */ = {isa = PBXFileReference; lastKnownFileType = file.storyboard; path = FeedViewController.storyboard; sourceTree = "<group>"; };
/* End PBXFileReference section */

/* Begin PBXFrameworksBuildPhase section */
		7593D67624E3FF4C008ECB1A /* Frameworks */ = {
			isa = PBXFrameworksBuildPhase;
			buildActionMask = 2147483647;
			files = (
				7593D69324E40323008ECB1A /* VKSdkFramework.framework in Frameworks */,
			);
			runOnlyForDeploymentPostprocessing = 0;
		};
/* End PBXFrameworksBuildPhase section */

/* Begin PBXGroup section */
		7593D67024E3FF4C008ECB1A = {
			isa = PBXGroup;
			children = (
				7593D67B24E3FF4C008ECB1A /* IMMApp */,
				7593D67A24E3FF4C008ECB1A /* Products */,
				7593D69124E40323008ECB1A /* Frameworks */,
			);
			sourceTree = "<group>";
		};
		7593D67A24E3FF4C008ECB1A /* Products */ = {
			isa = PBXGroup;
			children = (
				7593D67924E3FF4C008ECB1A /* IMMApp.app */,
			);
			name = Products;
			sourceTree = "<group>";
		};
		7593D67B24E3FF4C008ECB1A /* IMMApp */ = {
			isa = PBXGroup;
			children = (
				7593D67C24E3FF4C008ECB1A /* AppDelegate.swift */,
				7593D67E24E3FF4C008ECB1A /* SceneDelegate.swift */,
				7593D69F24E41476008ECB1A /* FeedViewController */,
				7593D6A024E41499008ECB1A /* AuthViewController */,
				7593D69824E4053C008ECB1A /* Services */,
				7593D68524E3FF4D008ECB1A /* Assets.xcassets */,
				7593D68724E3FF4D008ECB1A /* LaunchScreen.storyboard */,
				7593D68A24E3FF4D008ECB1A /* Info.plist */,
			);
			path = IMMApp;
			sourceTree = "<group>";
		};
		7593D69124E40323008ECB1A /* Frameworks */ = {
			isa = PBXGroup;
			children = (
				7593D69224E40323008ECB1A /* VKSdkFramework.framework */,
			);
			name = Frameworks;
			sourceTree = "<group>";
		};
		7593D69824E4053C008ECB1A /* Services */ = {
			isa = PBXGroup;
			children = (
				7593D69624E4052E008ECB1A /* AuthService.swift */,
			);
			path = Services;
			sourceTree = "<group>";
		};
		7593D69F24E41476008ECB1A /* FeedViewController */ = {
			isa = PBXGroup;
			children = (
				7593D69B24E41311008ECB1A /* FeedViewController.swift */,
				7593D69D24E41338008ECB1A /* FeedViewController.storyboard */,
			);
			path = FeedViewController;
			sourceTree = "<group>";
		};
		7593D6A024E41499008ECB1A /* AuthViewController */ = {
			isa = PBXGroup;
			children = (
				7593D68024E3FF4C008ECB1A /* AuthViewController.swift */,
				7593D69924E40828008ECB1A /* AuthViewController.storyboard */,
			);
			path = AuthViewController;
			sourceTree = "<group>";
		};
/* End PBXGroup section */

/* Begin PBXNativeTarget section */
		7593D67824E3FF4C008ECB1A /* IMMApp */ = {
			isa = PBXNativeTarget;
			buildConfigurationList = 7593D68D24E3FF4D008ECB1A /* Build configuration list for PBXNativeTarget "IMMApp" */;
			buildPhases = (
				7593D67524E3FF4C008ECB1A /* Sources */,
				7593D67624E3FF4C008ECB1A /* Frameworks */,
				7593D67724E3FF4C008ECB1A /* Resources */,
				7593D69024E40259008ECB1A /* ShellScript */,
				7593D69524E40323008ECB1A /* Embed Frameworks */,
			);
			buildRules = (
			);
			dependencies = (
			);
			name = IMMApp;
			productName = IMMApp;
			productReference = 7593D67924E3FF4C008ECB1A /* IMMApp.app */;
			productType = "com.apple.product-type.application";
		};
/* End PBXNativeTarget section */

/* Begin PBXProject section */
		7593D67124E3FF4C008ECB1A /* Project object */ = {
			isa = PBXProject;
			attributes = {
				LastSwiftUpdateCheck = 1160;
				LastUpgradeCheck = 1160;
				ORGANIZATIONNAME = "Андрей Дютин";
				TargetAttributes = {
					7593D67824E3FF4C008ECB1A = {
						CreatedOnToolsVersion = 11.6;
					};
				};
			};
			buildConfigurationList = 7593D67424E3FF4C008ECB1A /* Build configuration list for PBXProject "IMMApp" */;
			compatibilityVersion = "Xcode 9.3";
			developmentRegion = en;
			hasScannedForEncodings = 0;
			knownRegions = (
				en,
				Base,
			);
			mainGroup = 7593D67024E3FF4C008ECB1A;
			productRefGroup = 7593D67A24E3FF4C008ECB1A /* Products */;
			projectDirPath = "";
			projectRoot = "";
			targets = (
				7593D67824E3FF4C008ECB1A /* IMMApp */,
			);
		};
/* End PBXProject section */

/* Begin PBXResourcesBuildPhase section */
		7593D67724E3FF4C008ECB1A /* Resources */ = {
			isa = PBXResourcesBuildPhase;
			buildActionMask = 2147483647;
			files = (
				7593D68924E3FF4D008ECB1A /* LaunchScreen.storyboard in Resources */,
				7593D69A24E40828008ECB1A /* AuthViewController.storyboard in Resources */,
				7593D68624E3FF4D008ECB1A /* Assets.xcassets in Resources */,
				7593D69E24E41338008ECB1A /* FeedViewController.storyboard in Resources */,
			);
			runOnlyForDeploymentPostprocessing = 0;
		};
/* End PBXResourcesBuildPhase section */

/* Begin PBXShellScriptBuildPhase section */
		7593D69024E40259008ECB1A /* ShellScript */ = {
			isa = PBXShellScriptBuildPhase;
			buildActionMask = 2147483647;
			files = (
			);
			inputFileListPaths = (
			);
			inputPaths = (
				"$(SRCROOT)/Carthage/Build/iOS/VKSdkFramework.framework",
			);
			outputFileListPaths = (
			);
			outputPaths = (
			);
			runOnlyForDeploymentPostprocessing = 0;
			shellPath = /bin/sh;
			shellScript = "/usr/local/bin/carthage copy-frameworks\n";
		};
/* End PBXShellScriptBuildPhase section */

/* Begin PBXSourcesBuildPhase section */
		7593D67524E3FF4C008ECB1A /* Sources */ = {
			isa = PBXSourcesBuildPhase;
			buildActionMask = 2147483647;
			files = (
				7593D68124E3FF4C008ECB1A /* AuthViewController.swift in Sources */,
				7593D67D24E3FF4C008ECB1A /* AppDelegate.swift in Sources */,
				7593D69C24E41311008ECB1A /* FeedViewController.swift in Sources */,
				7593D67F24E3FF4C008ECB1A /* SceneDelegate.swift in Sources */,
				7593D69724E4052E008ECB1A /* AuthService.swift in Sources */,
			);
			runOnlyForDeploymentPostprocessing = 0;
		};
/* End PBXSourcesBuildPhase section */

/* Begin PBXVariantGroup section */
		7593D68724E3FF4D008ECB1A /* LaunchScreen.storyboard */ = {
			isa = PBXVariantGroup;
			children = (
				7593D68824E3FF4D008ECB1A /* Base */,
			);
			name = LaunchScreen.storyboard;
			sourceTree = "<group>";
		};
/* End PBXVariantGroup section */

/* Begin XCBuildConfiguration section */
		7593D68B24E3FF4D008ECB1A /* Debug */ = {
			isa = XCBuildConfiguration;
			buildSettings = {
				ALWAYS_SEARCH_USER_PATHS = NO;
				CLANG_ANALYZER_NONNULL = YES;
				CLANG_ANALYZER_NUMBER_OBJECT_CONVERSION = YES_AGGRESSIVE;
				CLANG_CXX_LANGUAGE_STANDARD = "gnu++14";
				CLANG_CXX_LIBRARY = "libc++";
				CLANG_ENABLE_MODULES = YES;
				CLANG_ENABLE_OBJC_ARC = YES;
				CLANG_ENABLE_OBJC_WEAK = YES;
				CLANG_WARN_BLOCK_CAPTURE_AUTORELEASING = YES;
				CLANG_WARN_BOOL_CONVERSION = YES;
				CLANG_WARN_COMMA = YES;
				CLANG_WARN_CONSTANT_CONVERSION = YES;
				CLANG_WARN_DEPRECATED_OBJC_IMPLEMENTATIONS = YES;
				CLANG_WARN_DIRECT_OBJC_ISA_USAGE = YES_ERROR;
				CLANG_WARN_DOCUMENTATION_COMMENTS = YES;
				CLANG_WARN_EMPTY_BODY = YES;
				CLANG_WARN_ENUM_CONVERSION = YES;
				CLANG_WARN_INFINITE_RECURSION = YES;
				CLANG_WARN_INT_CONVERSION = YES;
				CLANG_WARN_NON_LITERAL_NULL_CONVERSION = YES;
				CLANG_WARN_OBJC_IMPLICIT_RETAIN_SELF = YES;
				CLANG_WARN_OBJC_LITERAL_CONVERSION = YES;
				CLANG_WARN_OBJC_ROOT_CLASS = YES_ERROR;
				CLANG_WARN_RANGE_LOOP_ANALYSIS = YES;
				CLANG_WARN_STRICT_PROTOTYPES = YES;
				CLANG_WARN_SUSPICIOUS_MOVE = YES;
				CLANG_WARN_UNGUARDED_AVAILABILITY = YES_AGGRESSIVE;
				CLANG_WARN_UNREACHABLE_CODE = YES;
				CLANG_WARN__DUPLICATE_METHOD_MATCH = YES;
				COPY_PHASE_STRIP = NO;
				DEBUG_INFORMATION_FORMAT = dwarf;
				ENABLE_STRICT_OBJC_MSGSEND = YES;
				ENABLE_TESTABILITY = YES;
				GCC_C_LANGUAGE_STANDARD = gnu11;
				GCC_DYNAMIC_NO_PIC = NO;
				GCC_NO_COMMON_BLOCKS = YES;
				GCC_OPTIMIZATION_LEVEL = 0;
				GCC_PREPROCESSOR_DEFINITIONS = (
					"DEBUG=1",
					"$(inherited)",
				);
				GCC_WARN_64_TO_32_BIT_CONVERSION = YES;
				GCC_WARN_ABOUT_RETURN_TYPE = YES_ERROR;
				GCC_WARN_UNDECLARED_SELECTOR = YES;
				GCC_WARN_UNINITIALIZED_AUTOS = YES_AGGRESSIVE;
				GCC_WARN_UNUSED_FUNCTION = YES;
				GCC_WARN_UNUSED_VARIABLE = YES;
				IPHONEOS_DEPLOYMENT_TARGET = 13.6;
				MTL_ENABLE_DEBUG_INFO = INCLUDE_SOURCE;
				MTL_FAST_MATH = YES;
				ONLY_ACTIVE_ARCH = YES;
				SDKROOT = iphoneos;
				SWIFT_ACTIVE_COMPILATION_CONDITIONS = DEBUG;
				SWIFT_OPTIMIZATION_LEVEL = "-Onone";
			};
			name = Debug;
		};
		7593D68C24E3FF4D008ECB1A /* Release */ = {
			isa = XCBuildConfiguration;
			buildSettings = {
				ALWAYS_SEARCH_USER_PATHS = NO;
				CLANG_ANALYZER_NONNULL = YES;
				CLANG_ANALYZER_NUMBER_OBJECT_CONVERSION = YES_AGGRESSIVE;
				CLANG_CXX_LANGUAGE_STANDARD = "gnu++14";
				CLANG_CXX_LIBRARY = "libc++";
				CLANG_ENABLE_MODULES = YES;
				CLANG_ENABLE_OBJC_ARC = YES;
				CLANG_ENABLE_OBJC_WEAK = YES;
				CLANG_WARN_BLOCK_CAPTURE_AUTORELEASING = YES;
				CLANG_WARN_BOOL_CONVERSION = YES;
				CLANG_WARN_COMMA = YES;
				CLANG_WARN_CONSTANT_CONVERSION = YES;
				CLANG_WARN_DEPRECATED_OBJC_IMPLEMENTATIONS = YES;
				CLANG_WARN_DIRECT_OBJC_ISA_USAGE = YES_ERROR;
				CLANG_WARN_DOCUMENTATION_COMMENTS = YES;
				CLANG_WARN_EMPTY_BODY = YES;
				CLANG_WARN_ENUM_CONVERSION = YES;
				CLANG_WARN_INFINITE_RECURSION = YES;
				CLANG_WARN_INT_CONVERSION = YES;
				CLANG_WARN_NON_LITERAL_NULL_CONVERSION = YES;
				CLANG_WARN_OBJC_IMPLICIT_RETAIN_SELF = YES;
				CLANG_WARN_OBJC_LITERAL_CONVERSION = YES;
				CLANG_WARN_OBJC_ROOT_CLASS = YES_ERROR;
				CLANG_WARN_RANGE_LOOP_ANALYSIS = YES;
				CLANG_WARN_STRICT_PROTOTYPES = YES;
				CLANG_WARN_SUSPICIOUS_MOVE = YES;
				CLANG_WARN_UNGUARDED_AVAILABILITY = YES_AGGRESSIVE;
				CLANG_WARN_UNREACHABLE_CODE = YES;
				CLANG_WARN__DUPLICATE_METHOD_MATCH = YES;
				COPY_PHASE_STRIP = NO;
				DEBUG_INFORMATION_FORMAT = "dwarf-with-dsym";
				ENABLE_NS_ASSERTIONS = NO;
				ENABLE_STRICT_OBJC_MSGSEND = YES;
				GCC_C_LANGUAGE_STANDARD = gnu11;
				GCC_NO_COMMON_BLOCKS = YES;
				GCC_WARN_64_TO_32_BIT_CONVERSION = YES;
				GCC_WARN_ABOUT_RETURN_TYPE = YES_ERROR;
				GCC_WARN_UNDECLARED_SELECTOR = YES;
				GCC_WARN_UNINITIALIZED_AUTOS = YES_AGGRESSIVE;
				GCC_WARN_UNUSED_FUNCTION = YES;
				GCC_WARN_UNUSED_VARIABLE = YES;
				IPHONEOS_DEPLOYMENT_TARGET = 13.6;
				MTL_ENABLE_DEBUG_INFO = NO;
				MTL_FAST_MATH = YES;
				SDKROOT = iphoneos;
				SWIFT_COMPILATION_MODE = wholemodule;
				SWIFT_OPTIMIZATION_LEVEL = "-O";
				VALIDATE_PRODUCT = YES;
			};
			name = Release;
		};
		7593D68E24E3FF4D008ECB1A /* Debug */ = {
			isa = XCBuildConfiguration;
			buildSettings = {
				ASSETCATALOG_COMPILER_APPICON_NAME = AppIcon;
				CODE_SIGN_STYLE = Automatic;
				DEVELOPMENT_TEAM = 76VPUCSNWU;
				FRAMEWORK_SEARCH_PATHS = (
					"$(inherited)",
					"$(PROJECT_DIR)/Carthage/Build/iOS",
				);
				INFOPLIST_FILE = IMMApp/Info.plist;
				LD_RUNPATH_SEARCH_PATHS = (
					"$(inherited)",
					"@executable_path/Frameworks",
				);
				PRODUCT_BUNDLE_IDENTIFIER = "Andrei-Dyutin.IMMApp";
				PRODUCT_NAME = "$(TARGET_NAME)";
				SWIFT_VERSION = 5.0;
				TARGETED_DEVICE_FAMILY = "1,2";
			};
			name = Debug;
		};
		7593D68F24E3FF4D008ECB1A /* Release */ = {
			isa = XCBuildConfiguration;
			buildSettings = {
				ASSETCATALOG_COMPILER_APPICON_NAME = AppIcon;
				CODE_SIGN_STYLE = Automatic;
				DEVELOPMENT_TEAM = 76VPUCSNWU;
				FRAMEWORK_SEARCH_PATHS = (
					"$(inherited)",
					"$(PROJECT_DIR)/Carthage/Build/iOS",
				);
				INFOPLIST_FILE = IMMApp/Info.plist;
				LD_RUNPATH_SEARCH_PATHS = (
					"$(inherited)",
					"@executable_path/Frameworks",
				);
				PRODUCT_BUNDLE_IDENTIFIER = "Andrei-Dyutin.IMMApp";
				PRODUCT_NAME = "$(TARGET_NAME)";
				SWIFT_VERSION = 5.0;
				TARGETED_DEVICE_FAMILY = "1,2";
			};
			name = Release;
		};
/* End XCBuildConfiguration section */

/* Begin XCConfigurationList section */
		7593D67424E3FF4C008ECB1A /* Build configuration list for PBXProject "IMMApp" */ = {
			isa = XCConfigurationList;
			buildConfigurations = (
				7593D68B24E3FF4D008ECB1A /* Debug */,
				7593D68C24E3FF4D008ECB1A /* Release */,
			);
			defaultConfigurationIsVisible = 0;
			defaultConfigurationName = Release;
		};
		7593D68D24E3FF4D008ECB1A /* Build configuration list for PBXNativeTarget "IMMApp" */ = {
			isa = XCConfigurationList;
			buildConfigurations = (
				7593D68E24E3FF4D008ECB1A /* Debug */,
				7593D68F24E3FF4D008ECB1A /* Release */,
			);
			defaultConfigurationIsVisible = 0;
			defaultConfigurationName = Release;
		};
/* End XCConfigurationList section */
	};
	rootObject = 7593D67124E3FF4C008ECB1A /* Project object */;
}
